
Microsoft Visual Studio Solution File, Format Version 12.00
# Visual Studio 15
VisualStudioVersion = 15.0.26730.3
MinimumVisualStudioVersion = 10.0.40219.1
Project("{FAE04EC0-301F-11D3-BF4B-00C04F79EFBC}") = "CustomPipeline", "CustomPipeline\CustomPipeline.csproj", "{AFEE441D-F531-4D42-820C-1D3E7B9848D5}"
EndProject
Global
	GlobalSection(SolutionConfigurationPlatforms) = preSolution
		Debug|Any CPU = Debug|Any CPU
		Release|Any CPU = Release|Any CPU
	EndGlobalSection
	GlobalSection(ProjectConfigurationPlatforms) = postSolution
		{AFEE441D-F531-4D42-820C-1D3E7B9848D5}.Debug|Any CPU.ActiveCfg = Debug|Any CPU
		{AFEE441D-F531-4D42-820C-1D3E7B9848D5}.Debug|Any CPU.Build.0 = Debug|Any CPU
		{AFEE441D-F531-4D42-820C-1D3E7B9848D5}.Release|Any CPU.ActiveCfg = Release|Any CPU
		{AFEE441D-F531-4D42-820C-1D3E7B9848D5}.Release|Any CPU.Build.0 = Release|Any CPU
	EndGlobalSection
	GlobalSection(SolutionProperties) = preSolution
		HideSolutionNode = FALSE
	EndGlobalSection
	GlobalSection(ExtensibilityGlobals) = postSolution
		SolutionGuid = {DC82A2E1-CF42-48A2-9B86-853F394236BF}
	EndGlobalSection
EndGlobal
